{
  "name": "code-phone",
  "version": "1.0.0",
  "lockfileVersion": 1,
  "requires": true,
  "dependencies": {
    "ace-builds": {
      "version": "1.4.8",
      "resolved": "https://registry.npm.taobao.org/ace-builds/download/ace-builds-1.4.8.tgz",
      "integrity": "sha1-0UvkHTApSioSWB8Lz+5LaWSB/90="
    },
    "vconsole": {
      "version": "3.3.4",
      "resolved": "https://registry.npm.taobao.org/vconsole/download/vconsole-3.3.4.tgz",
      "integrity": "sha1-p9rNiIez0+kC6NGEJc2lbDTnf1E="
    }
  }
}
